
Microsoft Visual Studio Solution File, Format Version 12.00
# Visual Studio Version 16
VisualStudioVersion = 16.0.29806.167
MinimumVisualStudioVersion = 10.0.40219.1
Project("{FAE04EC0-301F-11D3-BF4B-00C04F79EFBC}") = "choinkaa", "choinkaa\choinkaa.csproj", "{4C915F52-C7BE-40C5-8636-DAA28F087159}"
EndProject
Global
	GlobalSection(SolutionConfigurationPlatforms) = preSolution
		Debug|Any CPU = Debug|Any CPU
		Release|Any CPU = Release|Any CPU
	EndGlobalSection
	GlobalSection(ProjectConfigurationPlatforms) = postSolution
		{4C915F52-C7BE-40C5-8636-DAA28F087159}.Debug|Any CPU.ActiveCfg = Debug|Any CPU
		{4C915F52-C7BE-40C5-8636-DAA28F087159}.Debug|Any CPU.Build.0 = Debug|Any CPU
		{4C915F52-C7BE-40C5-8636-DAA28F087159}.Release|Any CPU.ActiveCfg = Release|Any CPU
		{4C915F52-C7BE-40C5-8636-DAA28F087159}.Release|Any CPU.Build.0 = Release|Any CPU
	EndGlobalSection
	GlobalSection(SolutionProperties) = preSolution
		HideSolutionNode = FALSE
	EndGlobalSection
	GlobalSection(ExtensibilityGlobals) = postSolution
		SolutionGuid = {A8F3E3BA-9BA0-4361-B57F-D17679912792}
	EndGlobalSection
EndGlobal
